dependencies:
- name: pxc-operator
  repository: https://percona.github.io/percona-helm-charts/
  version: 1.14.1
- name: pxc-db
  repository: https://percona.github.io/percona-helm-charts/
  version: 1.14.3
- name: tidb-operator
  repository: https://charts.pingcap.org
  version: v1.6.0
- name: minio
  repository: https://charts.bitnami.com/bitnami
  version: 11.10.20
- name: redis
  repository: https://charts.bitnami.com/bitnami
  version: 17.3.11
- name: rabbitmq
  repository: https://charts.bitnami.com/bitnami
  version: 14.1.4
- name: init-data
  repository: file://../init-data
  version: 0.1.29
digest: sha256:73e8a6a45247d0637df8be23797ca21c2fa3c98eb48538d7c5671a6d96a49354
generated: "2024-08-26T12:43:06.667591+08:00"
